
Microsoft Visual Studio Solution File, Format Version 12.00
# Visual Studio 2012
Project("{FAE04EC0-301F-11D3-BF4B-00C04F79EFBC}") = "Xbmc.Core", "Xbmc.Core\Xbmc.Core.csproj", "{CC58800E-DAD3-46FA-BB23-503B61F46F46}"
EndProject
Global
	GlobalSection(SolutionConfigurationPlatforms) = preSolution
		Debug|Any CPU = Debug|Any CPU
		Release|Any CPU = Release|Any CPU
	EndGlobalSection
	GlobalSection(ProjectConfigurationPlatforms) = postSolution
		{CC58800E-DAD3-46FA-BB23-503B61F46F46}.Debug|Any CPU.ActiveCfg = Debug|Any CPU
		{CC58800E-DAD3-46FA-BB23-503B61F46F46}.Debug|Any CPU.Build.0 = Debug|Any CPU
		{CC58800E-DAD3-46FA-BB23-503B61F46F46}.Release|Any CPU.ActiveCfg = Release|Any CPU
		{CC58800E-DAD3-46FA-BB23-503B61F46F46}.Release|Any CPU.Build.0 = Release|Any CPU
	EndGlobalSection
	GlobalSection(SolutionProperties) = preSolution
		HideSolutionNode = FALSE
	EndGlobalSection
EndGlobal
